
Microsoft Visual Studio Solution File, Format Version 12.00
# Visual Studio Version 17
VisualStudioVersion = 17.14.36414.22 d17.14
MinimumVisualStudioVersion = 10.0.40219.1
Project("{FAE04EC0-301F-11D3-BF4B-00C04F79EFBC}") = "CSE4050-Fall25", "CSE4050-Fall25\CSE4050-Fall25.csproj", "{AC40CCE6-A555-40C3-B95E-0756D69ECF22}"
EndProject
Global
	GlobalSection(SolutionConfigurationPlatforms) = preSolution
		Debug|Any CPU = Debug|Any CPU
		Release|Any CPU = Release|Any CPU
	EndGlobalSection
	GlobalSection(ProjectConfigurationPlatforms) = postSolution
		{AC40CCE6-A555-40C3-B95E-0756D69ECF22}.Debug|Any CPU.ActiveCfg = Debug|Any CPU
		{AC40CCE6-A555-40C3-B95E-0756D69ECF22}.Debug|Any CPU.Build.0 = Debug|Any CPU
		{AC40CCE6-A555-40C3-B95E-0756D69ECF22}.Release|Any CPU.ActiveCfg = Release|Any CPU
		{AC40CCE6-A555-40C3-B95E-0756D69ECF22}.Release|Any CPU.Build.0 = Release|Any CPU
	EndGlobalSection
	GlobalSection(SolutionProperties) = preSolution
		HideSolutionNode = FALSE
	EndGlobalSection
	GlobalSection(ExtensibilityGlobals) = postSolution
		SolutionGuid = {5216CB02-9606-4481-BD27-726BDF9DD571}
	EndGlobalSection
EndGlobal
